{
    "_readme": [
        "This file locks the dependencies of your project to a known state",
        "Read more about it at https://getcomposer.org/doc/01-basic-usage.md#installing-dependencies",
        "This file is @generated automatically"
    ],
    "content-hash": "18d0ee393381614f6edfe1a85f4bd2a6",
    "packages": [
        {
            "name": "mirazmac/php-requirements-checker",
            "version": "0.2",
            "source": {
                "type": "git",
                "url": "https://github.com/MirazMac/php-requirements-checker.git",
                "reference": "44412624776bbaf8f6ede79f501d1a3026f0e330"
            },
            "dist": {
                "type": "zip",
                "url": "https://api.github.com/repos/MirazMac/php-requirements-checker/zipball/44412624776bbaf8f6ede79f501d1a3026f0e330",
                "reference": "44412624776bbaf8f6ede79f501d1a3026f0e330",
                "shasum": ""
            },
            "require": {
                "php": ">=5.4"
            },
            "require-dev": {
                "phpunit/phpunit": "^4"
            },
            "type": "library",
            "autoload": {
                "psr-4": {
                    "MirazMac\\Requirements\\": "src/"
                }
            },
            "notification-url": "https://packagist.org/downloads/",
            "license": [
                "MIT"
            ],
            "authors": [
                {
                    "name": "MirazMac",
                    "email": "mirazmac@gmail.com"
                }
            ],
            "description": "A quick library to check the current environment against a set of defined requirements. It supports checking for PHP version, OS, Extensions, PHP INI values, Functions, Classes, Apache Modules and local Files and Folders.",
            "support": {
                "issues": "https://github.com/MirazMac/php-requirements-checker/issues",
                "source": "https://github.com/MirazMac/php-requirements-checker/tree/0.2"
            },
            "time": "2021-11-05T17:02:39+00:00"
        }
    ],
    "packages-dev": [],
    "aliases": [],
    "minimum-stability": "stable",
    "stability-flags": [],
    "prefer-stable": false,
    "prefer-lowest": false,
    "platform": [],
    "platform-dev": [],
    "plugin-api-version": "2.2.0"
}
